
Microsoft Visual Studio Solution File, Format Version 9.00
# Visual Basic Express 2005
Project("{F184B08F-C81C-45F6-A57F-5ABD9991F28F}") = "Log Reader", "Log Reader\Log Reader.vbproj", "{5C49E3A8-E174-483D-986E-67C2EDB0A38B}"
EndProject
Global
	GlobalSection(SolutionConfigurationPlatforms) = preSolution
		Debug|Any CPU = Debug|Any CPU
		Release|Any CPU = Release|Any CPU
	EndGlobalSection
	GlobalSection(ProjectConfigurationPlatforms) = postSolution
		{5C49E3A8-E174-483D-986E-67C2EDB0A38B}.Debug|Any CPU.ActiveCfg = Debug|Any CPU
		{5C49E3A8-E174-483D-986E-67C2EDB0A38B}.Debug|Any CPU.Build.0 = Debug|Any CPU
		{5C49E3A8-E174-483D-986E-67C2EDB0A38B}.Release|Any CPU.ActiveCfg = Release|Any CPU
		{5C49E3A8-E174-483D-986E-67C2EDB0A38B}.Release|Any CPU.Build.0 = Release|Any CPU
	EndGlobalSection
	GlobalSection(SolutionProperties) = preSolution
		HideSolutionNode = FALSE
	EndGlobalSection
EndGlobal
